
Microsoft Visual Studio Solution File, Format Version 12.00
# Visual Studio Version 16
VisualStudioVersion = 16.0.31402.337
MinimumVisualStudioVersion = 10.0.40219.1
Project("{9A19103F-16F7-4668-BE54-9A1E7A4F7556}") = "ActividadPosParcial.Test", "AtividadPosParcial.Test\ActividadPosParcial.Test.csproj", "{3C0A0584-6F0A-48EA-A922-064D6136ADDE}"
EndProject
Project("{9A19103F-16F7-4668-BE54-9A1E7A4F7556}") = "ActividadPosParcial.Dominio", "ActividadPosParcial.Dominio\ActividadPosParcial.Dominio.csproj", "{6EFDC25A-AE99-44DC-96F4-551EE0D42E7D}"
EndProject
Global
	GlobalSection(SolutionConfigurationPlatforms) = preSolution
		Debug|Any CPU = Debug|Any CPU
		Release|Any CPU = Release|Any CPU
	EndGlobalSection
	GlobalSection(ProjectConfigurationPlatforms) = postSolution
		{3C0A0584-6F0A-48EA-A922-064D6136ADDE}.Debug|Any CPU.ActiveCfg = Debug|Any CPU
		{3C0A0584-6F0A-48EA-A922-064D6136ADDE}.Debug|Any CPU.Build.0 = Debug|Any CPU
		{3C0A0584-6F0A-48EA-A922-064D6136ADDE}.Release|Any CPU.ActiveCfg = Release|Any CPU
		{3C0A0584-6F0A-48EA-A922-064D6136ADDE}.Release|Any CPU.Build.0 = Release|Any CPU
		{6EFDC25A-AE99-44DC-96F4-551EE0D42E7D}.Debug|Any CPU.ActiveCfg = Debug|Any CPU
		{6EFDC25A-AE99-44DC-96F4-551EE0D42E7D}.Debug|Any CPU.Build.0 = Debug|Any CPU
		{6EFDC25A-AE99-44DC-96F4-551EE0D42E7D}.Release|Any CPU.ActiveCfg = Release|Any CPU
		{6EFDC25A-AE99-44DC-96F4-551EE0D42E7D}.Release|Any CPU.Build.0 = Release|Any CPU
	EndGlobalSection
	GlobalSection(SolutionProperties) = preSolution
		HideSolutionNode = FALSE
	EndGlobalSection
	GlobalSection(ExtensibilityGlobals) = postSolution
		SolutionGuid = {9B5AE22B-7159-4C9B-8CB3-A6A206887850}
	EndGlobalSection
EndGlobal
